
Microsoft Visual Studio Solution File, Format Version 12.00
# Visual Studio Version 16
VisualStudioVersion = 16.0.30204.135
MinimumVisualStudioVersion = 10.0.40219.1
Project("{9A19103F-16F7-4668-BE54-9A1E7A4F7556}") = "OpenELT.Interfaces", "OpenELT.Interfaces\OpenELT.Interfaces.csproj", "{94D91237-637F-4B6D-8B3F-371669273793}"
EndProject
Project("{2150E333-8FDC-42A3-9474-1A3956D46DE8}") = "Solution Items", "Solution Items", "{117FC7C7-3B3E-4909-A48D-F52512B18F95}"
	ProjectSection(SolutionItems) = preProject
		..\.github\workflows\dotnet-core.yml = ..\.github\workflows\dotnet-core.yml
	EndProjectSection
EndProject
Global
	GlobalSection(SolutionConfigurationPlatforms) = preSolution
		Debug|Any CPU = Debug|Any CPU
		Release|Any CPU = Release|Any CPU
	EndGlobalSection
	GlobalSection(ProjectConfigurationPlatforms) = postSolution
		{94D91237-637F-4B6D-8B3F-371669273793}.Debug|Any CPU.ActiveCfg = Debug|Any CPU
		{94D91237-637F-4B6D-8B3F-371669273793}.Debug|Any CPU.Build.0 = Debug|Any CPU
		{94D91237-637F-4B6D-8B3F-371669273793}.Release|Any CPU.ActiveCfg = Release|Any CPU
		{94D91237-637F-4B6D-8B3F-371669273793}.Release|Any CPU.Build.0 = Release|Any CPU
	EndGlobalSection
	GlobalSection(SolutionProperties) = preSolution
		HideSolutionNode = FALSE
	EndGlobalSection
	GlobalSection(ExtensibilityGlobals) = postSolution
		SolutionGuid = {582464D7-0CF5-4654-9B85-DF3A72A5199C}
	EndGlobalSection
EndGlobal
